// !$*UTF8*$!
{
	archiveVersion = 1;
	classes = {
	};
	objectVersion = 55;
	objects = {

/* Begin PBXBuildFile section */
		4A28121F27552A6E00B7F3F7 /* AppDelegate.swift in Sources */ = {isa = PBXBuildFile; fileRef = 4A28121E27552A6E00B7F3F7 /* AppDelegate.swift */; };
		4A28122127552A6E00B7F3F7 /* SceneDelegate.swift in Sources */ = {isa = PBXBuildFile; fileRef = 4A28122027552A6E00B7F3F7 /* SceneDelegate.swift */; };
		4A28122327552A6E00B7F3F7 /* ViewController.swift in Sources */ = {isa = PBXBuildFile; fileRef = 4A28122227552A6E00B7F3F7 /* ViewController.swift */; };
		4A28122827552A6E00B7F3F7 /* Assets.xcassets in Resources */ = {isa = PBXBuildFile; fileRef = 4A28122727552A6E00B7F3F7 /* Assets.xcassets */; };
		4A28122B27552A6E00B7F3F7 /* LaunchScreen.storyboard in Resources */ = {isa = PBXBuildFile; fileRef = 4A28122927552A6E00B7F3F7 /* LaunchScreen.storyboard */; };
		4A28123627552A6E00B7F3F7 /* ExCounterTests.swift in Sources */ = {isa = PBXBuildFile; fileRef = 4A28123527552A6E00B7F3F7 /* ExCounterTests.swift */; };
		4A28124027552A6E00B7F3F7 /* ExCounterUITests.swift in Sources */ = {isa = PBXBuildFile; fileRef = 4A28123F27552A6E00B7F3F7 /* ExCounterUITests.swift */; };
		4A28124227552A6E00B7F3F7 /* ExCounterUITestsLaunchTests.swift in Sources */ = {isa = PBXBuildFile; fileRef = 4A28124127552A6E00B7F3F7 /* ExCounterUITestsLaunchTests.swift */; };
		4A28125027552B5800B7F3F7 /* Counter.storyboard in Resources */ = {isa = PBXBuildFile; fileRef = 4A28124F27552B5800B7F3F7 /* Counter.storyboard */; };
		4A28125227552B5F00B7F3F7 /* CounterViewController.swift in Sources */ = {isa = PBXBuildFile; fileRef = 4A28125127552B5F00B7F3F7 /* CounterViewController.swift */; };
		4A28125427552B6E00B7F3F7 /* CounterViewReactor.swift in Sources */ = {isa = PBXBuildFile; fileRef = 4A28125327552B6E00B7F3F7 /* CounterViewReactor.swift */; };
		826E35F27192E4E2124FEF98 /* Pods_ExCounter.framework in Frameworks */ = {isa = PBXBuildFile; fileRef = F0E90435D03007C2D83A781D /* Pods_ExCounter.framework */; };
		D14094E8CF8414D1A13AA0A6 /* Pods_ExCounter_ExCounterUITests.framework in Frameworks */ = {isa = PBXBuildFile; fileRef = C0498D06187DD807AD13020D /* Pods_ExCounter_ExCounterUITests.framework */; };
		EAB5AC4E148D1E799AB63B8F /* Pods_ExCounterTests.framework in Frameworks */ = {isa = PBXBuildFile; fileRef = 81446B3AB39BC11E39B39F1D /* Pods_ExCounterTests.framework */; };
/* End PBXBuildFile section */

/* Begin PBXContainerItemProxy section */
		4A28123227552A6E00B7F3F7 /* PBXContainerItemProxy */ = {
			isa = PBXContainerItemProxy;
			containerPortal = 4A28121327552A6E00B7F3F7 /* Project object */;
			proxyType = 1;
			remoteGlobalIDString = 4A28121A27552A6E00B7F3F7;
			remoteInfo = ExCounter;
		};
		4A28123C27552A6E00B7F3F7 /* PBXContainerItemProxy */ = {
			isa = PBXContainerItemProxy;
			containerPortal = 4A28121327552A6E00B7F3F7 /* Project object */;
			proxyType = 1;
			remoteGlobalIDString = 4A28121A27552A6E00B7F3F7;
			remoteInfo = ExCounter;
		};
/* End PBXContainerItemProxy section */

/* Begin PBXFileReference section */
		4A28121B27552A6E00B7F3F7 /* ExCounter.app */ = {isa = PBXFileReference; explicitFileType = wrapper.application; includeInIndex = 0; path = ExCounter.app; sourceTree = BUILT_PRODUCTS_DIR; };
		4A28121E27552A6E00B7F3F7 /* AppDelegate.swift */ = {isa = PBXFileReference; lastKnownFileType = sourcecode.swift; path = AppDelegate.swift; sourceTree = "<group>"; };
		4A28122027552A6E00B7F3F7 /* SceneDelegate.swift */ = {isa = PBXFileReference; lastKnownFileType = sourcecode.swift; path = SceneDelegate.swift; sourceTree = "<group>"; };
		4A28122227552A6E00B7F3F7 /* ViewController.swift */ = {isa = PBXFileReference; lastKnownFileType = sourcecode.swift; path = ViewController.swift; sourceTree = "<group>"; };
		4A28122727552A6E00B7F3F7 /* Assets.xcassets */ = {isa = PBXFileReference; lastKnownFileType = folder.assetcatalog; path = Assets.xcassets; sourceTree = "<group>"; };
		4A28122A27552A6E00B7F3F7 /* Base */ = {isa = PBXFileReference; lastKnownFileType = file.storyboard; name = Base; path = Base.lproj/LaunchScreen.storyboard; sourceTree = "<group>"; };
		4A28122C27552A6E00B7F3F7 /* Info.plist */ = {isa = PBXFileReference; lastKnownFileType = text.plist.xml; path = Info.plist; sourceTree = "<group>"; };
		4A28123127552A6E00B7F3F7 /* ExCounterTests.xctest */ = {isa = PBXFileReference; explicitFileType = wrapper.cfbundle; includeInIndex = 0; path = ExCounterTests.xctest; sourceTree = BUILT_PRODUCTS_DIR; };
		4A28123527552A6E00B7F3F7 /* ExCounterTests.swift */ = {isa = PBXFileReference; lastKnownFileType = sourcecode.swift; path = ExCounterTests.swift; sourceTree = "<group>"; };
		4A28123B27552A6E00B7F3F7 /* ExCounterUITests.xctest */ = {isa = PBXFileReference; explicitFileType = wrapper.cfbundle; includeInIndex = 0; path = ExCounterUITests.xctest; sourceTree = BUILT_PRODUCTS_DIR; };
		4A28123F27552A6E00B7F3F7 /* ExCounterUITests.swift */ = {isa = PBXFileReference; lastKnownFileType = sourcecode.swift; path = ExCounterUITests.swift; sourceTree = "<group>"; };
		4A28124127552A6E00B7F3F7 /* ExCounterUITestsLaunchTests.swift */ = {isa = PBXFileReference; lastKnownFileType = sourcecode.swift; path = ExCounterUITestsLaunchTests.swift; sourceTree = "<group>"; };
		4A28124F27552B5800B7F3F7 /* Counter.storyboard */ = {isa = PBXFileReference; lastKnownFileType = file.storyboard; path = Counter.storyboard; sourceTree = "<group>"; };
		4A28125127552B5F00B7F3F7 /* CounterViewController.swift */ = {isa = PBXFileReference; lastKnownFileType = sourcecode.swift; path = CounterViewController.swift; sourceTree = "<group>"; };
		4A28125327552B6E00B7F3F7 /* CounterViewReactor.swift */ = {isa = PBXFileReference; lastKnownFileType = sourcecode.swift; path = CounterViewReactor.swift; sourceTree = "<group>"; };
		680FE41E8DCE19482692FC6C /* Pods-ExCounterTests.debug.xcconfig */ = {isa = PBXFileReference; includeInIndex = 1; lastKnownFileType = text.xcconfig; name = "Pods-ExCounterTests.debug.xcconfig"; path = "Target Support Files/Pods-ExCounterTests/Pods-ExCounterTests.debug.xcconfig"; sourceTree = "<group>"; };
		81446B3AB39BC11E39B39F1D /* Pods_ExCounterTests.framework */ = {isa = PBXFileReference; explicitFileType = wrapper.framework; includeInIndex = 0; path = Pods_ExCounterTests.framework; sourceTree = BUILT_PRODUCTS_DIR; };
		9D5440EC7F90E30E2CE71FC7 /* Pods-ExCounter.debug.xcconfig */ = {isa = PBXFileReference; includeInIndex = 1; lastKnownFileType = text.xcconfig; name = "Pods-ExCounter.debug.xcconfig"; path = "Target Support Files/Pods-ExCounter/Pods-ExCounter.debug.xcconfig"; sourceTree = "<group>"; };
		C0498D06187DD807AD13020D /* Pods_ExCounter_ExCounterUITests.framework */ = {isa = PBXFileReference; explicitFileType = wrapper.framework; includeInIndex = 0; path = Pods_ExCounter_ExCounterUITests.framework; sourceTree = BUILT_PRODUCTS_DIR; };
		CB2C215D49146B78BA7C4ED2 /* Pods-ExCounterTests.release.xcconfig */ = {isa = PBXFileReference; includeInIndex = 1; lastKnownFileType = text.xcconfig; name = "Pods-ExCounterTests.release.xcconfig"; path = "Target Support Files/Pods-ExCounterTests/Pods-ExCounterTests.release.xcconfig"; sourceTree = "<group>"; };
		DBAD44219585F573B9829849 /* Pods-ExCounter.release.xcconfig */ = {isa = PBXFileReference; includeInIndex = 1; lastKnownFileType = text.xcconfig; name = "Pods-ExCounter.release.xcconfig"; path = "Target Support Files/Pods-ExCounter/Pods-ExCounter.release.xcconfig"; sourceTree = "<group>"; };
		E750BA5CCEF88451707B3280 /* Pods-ExCounter-ExCounterUITests.debug.xcconfig */ = {isa = PBXFileReference; includeInIndex = 1; lastKnownFileType = text.xcconfig; name = "Pods-ExCounter-ExCounterUITests.debug.xcconfig"; path = "Target Support Files/Pods-ExCounter-ExCounterUITests/Pods-ExCounter-ExCounterUITests.debug.xcconfig"; sourceTree = "<group>"; };
		F0E90435D03007C2D83A781D /* Pods_ExCounter.framework */ = {isa = PBXFileReference; explicitFileType = wrapper.framework; includeInIndex = 0; path = Pods_ExCounter.framework; sourceTree = BUILT_PRODUCTS_DIR; };
		FBE37319B4542DC61F80E4A6 /* Pods-ExCounter-ExCounterUITests.release.xcconfig */ = {isa = PBXFileReference; includeInIndex = 1; lastKnownFileType = text.xcconfig; name = "Pods-ExCounter-ExCounterUITests.release.xcconfig"; path = "Target Support Files/Pods-ExCounter-ExCounterUITests/Pods-ExCounter-ExCounterUITests.release.xcconfig"; sourceTree = "<group>"; };
/* End PBXFileReference section */

/* Begin PBXFrameworksBuildPhase section */
		4A28121827552A6E00B7F3F7 /* Frameworks */ = {
			isa = PBXFrameworksBuildPhase;
			buildActionMask = 2147483647;
			files = (
				826E35F27192E4E2124FEF98 /* Pods_ExCounter.framework in Frameworks */,
			);
			runOnlyForDeploymentPostprocessing = 0;
		};
		4A28122E27552A6E00B7F3F7 /* Frameworks */ = {
			isa = PBXFrameworksBuildPhase;
			buildActionMask = 2147483647;
			files = (
				EAB5AC4E148D1E799AB63B8F /* Pods_ExCounterTests.framework in Frameworks */,
			);
			runOnlyForDeploymentPostprocessing = 0;
		};
		4A28123827552A6E00B7F3F7 /* Frameworks */ = {
			isa = PBXFrameworksBuildPhase;
			buildActionMask = 2147483647;
			files = (
				D14094E8CF8414D1A13AA0A6 /* Pods_ExCounter_ExCounterUITests.framework in Frameworks */,
			);
			runOnlyForDeploymentPostprocessing = 0;
		};
/* End PBXFrameworksBuildPhase section */

/* Begin PBXGroup section */
		1B77D28075A29DA9BDAB54C1 /* Frameworks */ = {
			isa = PBXGroup;
			children = (
				F0E90435D03007C2D83A781D /* Pods_ExCounter.framework */,
				C0498D06187DD807AD13020D /* Pods_ExCounter_ExCounterUITests.framework */,
				81446B3AB39BC11E39B39F1D /* Pods_ExCounterTests.framework */,
			);
			name = Frameworks;
			sourceTree = "<group>";
		};
		1D7C182EDDDB04CC42BC2C33 /* Pods */ = {
			isa = PBXGroup;
			children = (
				9D5440EC7F90E30E2CE71FC7 /* Pods-ExCounter.debug.xcconfig */,
				DBAD44219585F573B9829849 /* Pods-ExCounter.release.xcconfig */,
				E750BA5CCEF88451707B3280 /* Pods-ExCounter-ExCounterUITests.debug.xcconfig */,
				FBE37319B4542DC61F80E4A6 /* Pods-ExCounter-ExCounterUITests.release.xcconfig */,
				680FE41E8DCE19482692FC6C /* Pods-ExCounterTests.debug.xcconfig */,
				CB2C215D49146B78BA7C4ED2 /* Pods-ExCounterTests.release.xcconfig */,
			);
			path = Pods;
			sourceTree = "<group>";
		};
		4A28121227552A6E00B7F3F7 = {
			isa = PBXGroup;
			children = (
				4A28121D27552A6E00B7F3F7 /* ExCounter */,
				4A28123427552A6E00B7F3F7 /* ExCounterTests */,
				4A28123E27552A6E00B7F3F7 /* ExCounterUITests */,
				4A28121C27552A6E00B7F3F7 /* Products */,
				1D7C182EDDDB04CC42BC2C33 /* Pods */,
				1B77D28075A29DA9BDAB54C1 /* Frameworks */,
			);
			sourceTree = "<group>";
		};
		4A28121C27552A6E00B7F3F7 /* Products */ = {
			isa = PBXGroup;
			children = (
				4A28121B27552A6E00B7F3F7 /* ExCounter.app */,
				4A28123127552A6E00B7F3F7 /* ExCounterTests.xctest */,
				4A28123B27552A6E00B7F3F7 /* ExCounterUITests.xctest */,
			);
			name = Products;
			sourceTree = "<group>";
		};
		4A28121D27552A6E00B7F3F7 /* ExCounter */ = {
			isa = PBXGroup;
			children = (
				4A28124E27552B4700B7F3F7 /* Counter */,
				4A28121E27552A6E00B7F3F7 /* AppDelegate.swift */,
				4A28122027552A6E00B7F3F7 /* SceneDelegate.swift */,
				4A28122227552A6E00B7F3F7 /* ViewController.swift */,
				4A28122727552A6E00B7F3F7 /* Assets.xcassets */,
				4A28122927552A6E00B7F3F7 /* LaunchScreen.storyboard */,
				4A28122C27552A6E00B7F3F7 /* Info.plist */,
			);
			path = ExCounter;
			sourceTree = "<group>";
		};
		4A28123427552A6E00B7F3F7 /* ExCounterTests */ = {
			isa = PBXGroup;
			children = (
				4A28123527552A6E00B7F3F7 /* ExCounterTests.swift */,
			);
			path = ExCounterTests;
			sourceTree = "<group>";
		};
		4A28123E27552A6E00B7F3F7 /* ExCounterUITests */ = {
			isa = PBXGroup;
			children = (
				4A28123F27552A6E00B7F3F7 /* ExCounterUITests.swift */,
				4A28124127552A6E00B7F3F7 /* ExCounterUITestsLaunchTests.swift */,
			);
			path = ExCounterUITests;
			sourceTree = "<group>";
		};
		4A28124E27552B4700B7F3F7 /* Counter */ = {
			isa = PBXGroup;
			children = (
				4A28124F27552B5800B7F3F7 /* Counter.storyboard */,
				4A28125127552B5F00B7F3F7 /* CounterViewController.swift */,
				4A28125327552B6E00B7F3F7 /* CounterViewReactor.swift */,
			);
			path = Counter;
			sourceTree = "<group>";
		};
/* End PBXGroup section */

/* Begin PBXNativeTarget section */
		4A28121A27552A6E00B7F3F7 /* ExCounter */ = {
			isa = PBXNativeTarget;
			buildConfigurationList = 4A28124527552A6E00B7F3F7 /* Build configuration list for PBXNativeTarget "ExCounter" */;
			buildPhases = (
				DDD67E9CA705A863F27D679C /* [CP] Check Pods Manifest.lock */,
				4A28121727552A6E00B7F3F7 /* Sources */,
				4A28121827552A6E00B7F3F7 /* Frameworks */,
				4A28121927552A6E00B7F3F7 /* Resources */,
				43B05DF52CB46CFCB2E4F093 /* [CP] Embed Pods Frameworks */,
			);
			buildRules = (
			);
			dependencies = (
			);
			name = ExCounter;
			productName = ExCounter;
			productReference = 4A28121B27552A6E00B7F3F7 /* ExCounter.app */;
			productType = "com.apple.product-type.application";
		};
		4A28123027552A6E00B7F3F7 /* ExCounterTests */ = {
			isa = PBXNativeTarget;
			buildConfigurationList = 4A28124827552A6E00B7F3F7 /* Build configuration list for PBXNativeTarget "ExCounterTests" */;
			buildPhases = (
				770E42DA6DA0BAC9825EC0BC /* [CP] Check Pods Manifest.lock */,
				4A28122D27552A6E00B7F3F7 /* Sources */,
				4A28122E27552A6E00B7F3F7 /* Frameworks */,
				4A28122F27552A6E00B7F3F7 /* Resources */,
			);
			buildRules = (
			);
			dependencies = (
				4A28123327552A6E00B7F3F7 /* PBXTargetDependency */,
			);
			name = ExCounterTests;
			productName = ExCounterTests;
			productReference = 4A28123127552A6E00B7F3F7 /* ExCounterTests.xctest */;
			productType = "com.apple.product-type.bundle.unit-test";
		};
		4A28123A27552A6E00B7F3F7 /* ExCounterUITests */ = {
			isa = PBXNativeTarget;
			buildConfigurationList = 4A28124B27552A6E00B7F3F7 /* Build configuration list for PBXNativeTarget "ExCounterUITests" */;
			buildPhases = (
				8FF415BFD0A4DBE9DE4AB3EC /* [CP] Check Pods Manifest.lock */,
				4A28123727552A6E00B7F3F7 /* Sources */,
				4A28123827552A6E00B7F3F7 /* Frameworks */,
				4A28123927552A6E00B7F3F7 /* Resources */,
				024B2BE2380B02F50E84BB13 /* [CP] Embed Pods Frameworks */,
			);
			buildRules = (
			);
			dependencies = (
				4A28123D27552A6E00B7F3F7 /* PBXTargetDependency */,
			);
			name = ExCounterUITests;
			productName = ExCounterUITests;
			productReference = 4A28123B27552A6E00B7F3F7 /* ExCounterUITests.xctest */;
			productType = "com.apple.product-type.bundle.ui-testing";
		};
/* End PBXNativeTarget section */

/* Begin PBXProject section */
		4A28121327552A6E00B7F3F7 /* Project object */ = {
			isa = PBXProject;
			attributes = {
				BuildIndependentTargetsInParallel = 1;
				LastSwiftUpdateCheck = 1310;
				LastUpgradeCheck = 1310;
				TargetAttributes = {
					4A28121A27552A6E00B7F3F7 = {
						CreatedOnToolsVersion = 13.1;
					};
					4A28123027552A6E00B7F3F7 = {
						CreatedOnToolsVersion = 13.1;
						TestTargetID = 4A28121A27552A6E00B7F3F7;
					};
					4A28123A27552A6E00B7F3F7 = {
						CreatedOnToolsVersion = 13.1;
						TestTargetID = 4A28121A27552A6E00B7F3F7;
					};
				};
			};
			buildConfigurationList = 4A28121627552A6E00B7F3F7 /* Build configuration list for PBXProject "ExCounter" */;
			compatibilityVersion = "Xcode 13.0";
			developmentRegion = en;
			hasScannedForEncodings = 0;
			knownRegions = (
				en,
				Base,
			);
			mainGroup = 4A28121227552A6E00B7F3F7;
			productRefGroup = 4A28121C27552A6E00B7F3F7 /* Products */;
			projectDirPath = "";
			projectRoot = "";
			targets = (
				4A28121A27552A6E00B7F3F7 /* ExCounter */,
				4A28123027552A6E00B7F3F7 /* ExCounterTests */,
				4A28123A27552A6E00B7F3F7 /* ExCounterUITests */,
			);
		};
/* End PBXProject section */

/* Begin PBXResourcesBuildPhase section */
		4A28121927552A6E00B7F3F7 /* Resources */ = {
			isa = PBXResourcesBuildPhase;
			buildActionMask = 2147483647;
			files = (
				4A28122B27552A6E00B7F3F7 /* LaunchScreen.storyboard in Resources */,
				4A28125027552B5800B7F3F7 /* Counter.storyboard in Resources */,
				4A28122827552A6E00B7F3F7 /* Assets.xcassets in Resources */,
			);
			runOnlyForDeploymentPostprocessing = 0;
		};
		4A28122F27552A6E00B7F3F7 /* Resources */ = {
			isa = PBXResourcesBuildPhase;
			buildActionMask = 2147483647;
			files = (
			);
			runOnlyForDeploymentPostprocessing = 0;
		};
		4A28123927552A6E00B7F3F7 /* Resources */ = {
			isa = PBXResourcesBuildPhase;
			buildActionMask = 2147483647;
			files = (
			);
			runOnlyForDeploymentPostprocessing = 0;
		};
/* End PBXResourcesBuildPhase section */

/* Begin PBXShellScriptBuildPhase section */
		024B2BE2380B02F50E84BB13 /* [CP] Embed Pods Frameworks */ = {
			isa = PBXShellScriptBuildPhase;
			buildActionMask = 2147483647;
			files = (
			);
			inputFileListPaths = (
				"${PODS_ROOT}/Target Support Files/Pods-ExCounter-ExCounterUITests/Pods-ExCounter-ExCounterUITests-frameworks-${CONFIGURATION}-input-files.xcfilelist",
			);
			name = "[CP] Embed Pods Frameworks";
			outputFileListPaths = (
				"${PODS_ROOT}/Target Support Files/Pods-ExCounter-ExCounterUITests/Pods-ExCounter-ExCounterUITests-frameworks-${CONFIGURATION}-output-files.xcfilelist",
			);
			runOnlyForDeploymentPostprocessing = 0;
			shellPath = /bin/sh;
			shellScript = "\"${PODS_ROOT}/Target Support Files/Pods-ExCounter-ExCounterUITests/Pods-ExCounter-ExCounterUITests-frameworks.sh\"\n";
			showEnvVarsInLog = 0;
		};
		43B05DF52CB46CFCB2E4F093 /* [CP] Embed Pods Frameworks */ = {
			isa = PBXShellScriptBuildPhase;
			buildActionMask = 2147483647;
			files = (
			);
			inputFileListPaths = (
				"${PODS_ROOT}/Target Support Files/Pods-ExCounter/Pods-ExCounter-frameworks-${CONFIGURATION}-input-files.xcfilelist",
			);
			name = "[CP] Embed Pods Frameworks";
			outputFileListPaths = (
				"${PODS_ROOT}/Target Support Files/Pods-ExCounter/Pods-ExCounter-frameworks-${CONFIGURATION}-output-files.xcfilelist",
			);
			runOnlyForDeploymentPostprocessing = 0;
			shellPath = /bin/sh;
			shellScript = "\"${PODS_ROOT}/Target Support Files/Pods-ExCounter/Pods-ExCounter-frameworks.sh\"\n";
			showEnvVarsInLog = 0;
		};
		770E42DA6DA0BAC9825EC0BC /* [CP] Check Pods Manifest.lock */ = {
			isa = PBXShellScriptBuildPhase;
			buildActionMask = 2147483647;
			files = (
			);
			inputFileListPaths = (
			);
			inputPaths = (
				"${PODS_PODFILE_DIR_PATH}/Podfile.lock",
				"${PODS_ROOT}/Manifest.lock",
			);
			name = "[CP] Check Pods Manifest.lock";
			outputFileListPaths = (
			);
			outputPaths = (
				"$(DERIVED_FILE_DIR)/Pods-ExCounterTests-checkManifestLockResult.txt",
			);
			runOnlyForDeploymentPostprocessing = 0;
			shellPath = /bin/sh;
			shellScript = "diff \"${PODS_PODFILE_DIR_PATH}/Podfile.lock\" \"${PODS_ROOT}/Manifest.lock\" > /dev/null\nif [ $? != 0 ] ; then\n    # print error to STDERR\n    echo \"error: The sandbox is not in sync with the Podfile.lock. Run 'pod install' or update your CocoaPods installation.\" >&2\n    exit 1\nfi\n# This output is used by Xcode 'outputs' to avoid re-running this script phase.\necho \"SUCCESS\" > \"${SCRIPT_OUTPUT_FILE_0}\"\n";
			showEnvVarsInLog = 0;
		};
		8FF415BFD0A4DBE9DE4AB3EC /* [CP] Check Pods Manifest.lock */ = {
			isa = PBXShellScriptBuildPhase;
			buildActionMask = 2147483647;
			files = (
			);
			inputFileListPaths = (
			);
			inputPaths = (
				"${PODS_PODFILE_DIR_PATH}/Podfile.lock",
				"${PODS_ROOT}/Manifest.lock",
			);
			name = "[CP] Check Pods Manifest.lock";
			outputFileListPaths = (
			);
			outputPaths = (
				"$(DERIVED_FILE_DIR)/Pods-ExCounter-ExCounterUITests-checkManifestLockResult.txt",
			);
			runOnlyForDeploymentPostprocessing = 0;
			shellPath = /bin/sh;
			shellScript = "diff \"${PODS_PODFILE_DIR_PATH}/Podfile.lock\" \"${PODS_ROOT}/Manifest.lock\" > /dev/null\nif [ $? != 0 ] ; then\n    # print error to STDERR\n    echo \"error: The sandbox is not in sync with the Podfile.lock. Run 'pod install' or update your CocoaPods installation.\" >&2\n    exit 1\nfi\n# This output is used by Xcode 'outputs' to avoid re-running this script phase.\necho \"SUCCESS\" > \"${SCRIPT_OUTPUT_FILE_0}\"\n";
			showEnvVarsInLog = 0;
		};
		DDD67E9CA705A863F27D679C /* [CP] Check Pods Manifest.lock */ = {
			isa = PBXShellScriptBuildPhase;
			buildActionMask = 2147483647;
			files = (
			);
			inputFileListPaths = (
			);
			inputPaths = (
				"${PODS_PODFILE_DIR_PATH}/Podfile.lock",
				"${PODS_ROOT}/Manifest.lock",
			);
			name = "[CP] Check Pods Manifest.lock";
			outputFileListPaths = (
			);
			outputPaths = (
				"$(DERIVED_FILE_DIR)/Pods-ExCounter-checkManifestLockResult.txt",
			);
			runOnlyForDeploymentPostprocessing = 0;
			shellPath = /bin/sh;
			shellScript = "diff \"${PODS_PODFILE_DIR_PATH}/Podfile.lock\" \"${PODS_ROOT}/Manifest.lock\" > /dev/null\nif [ $? != 0 ] ; then\n    # print error to STDERR\n    echo \"error: The sandbox is not in sync with the Podfile.lock. Run 'pod install' or update your CocoaPods installation.\" >&2\n    exit 1\nfi\n# This output is used by Xcode 'outputs' to avoid re-running this script phase.\necho \"SUCCESS\" > \"${SCRIPT_OUTPUT_FILE_0}\"\n";
			showEnvVarsInLog = 0;
		};
/* End PBXShellScriptBuildPhase section */

/* Begin PBXSourcesBuildPhase section */
		4A28121727552A6E00B7F3F7 /* Sources */ = {
			isa = PBXSourcesBuildPhase;
			buildActionMask = 2147483647;
			files = (
				4A28122327552A6E00B7F3F7 /* ViewController.swift in Sources */,
				4A28125427552B6E00B7F3F7 /* CounterViewReactor.swift in Sources */,
				4A28125227552B5F00B7F3F7 /* CounterViewController.swift in Sources */,
				4A28121F27552A6E00B7F3F7 /* AppDelegate.swift in Sources */,
				4A28122127552A6E00B7F3F7 /* SceneDelegate.swift in Sources */,
			);
			runOnlyForDeploymentPostprocessing = 0;
		};
		4A28122D27552A6E00B7F3F7 /* Sources */ = {
			isa = PBXSourcesBuildPhase;
			buildActionMask = 2147483647;
			files = (
				4A28123627552A6E00B7F3F7 /* ExCounterTests.swift in Sources */,
			);
			runOnlyForDeploymentPostprocessing = 0;
		};
		4A28123727552A6E00B7F3F7 /* Sources */ = {
			isa = PBXSourcesBuildPhase;
			buildActionMask = 2147483647;
			files = (
				4A28124227552A6E00B7F3F7 /* ExCounterUITestsLaunchTests.swift in Sources */,
				4A28124027552A6E00B7F3F7 /* ExCounterUITests.swift in Sources */,
			);
			runOnlyForDeploymentPostprocessing = 0;
		};
/* End PBXSourcesBuildPhase section */

/* Begin PBXTargetDependency section */
		4A28123327552A6E00B7F3F7 /* PBXTargetDependency */ = {
			isa = PBXTargetDependency;
			target = 4A28121A27552A6E00B7F3F7 /* ExCounter */;
			targetProxy = 4A28123227552A6E00B7F3F7 /* PBXContainerItemProxy */;
		};
		4A28123D27552A6E00B7F3F7 /* PBXTargetDependency */ = {
			isa = PBXTargetDependency;
			target = 4A28121A27552A6E00B7F3F7 /* ExCounter */;
			targetProxy = 4A28123C27552A6E00B7F3F7 /* PBXContainerItemProxy */;
		};
/* End PBXTargetDependency section */

/* Begin PBXVariantGroup section */
		4A28122927552A6E00B7F3F7 /* LaunchScreen.storyboard */ = {
			isa = PBXVariantGroup;
			children = (
				4A28122A27552A6E00B7F3F7 /* Base */,
			);
			name = LaunchScreen.storyboard;
			sourceTree = "<group>";
		};
/* End PBXVariantGroup section */

/* Begin XCBuildConfiguration section */
		4A28124327552A6E00B7F3F7 /* Debug */ = {
			isa = XCBuildConfiguration;
			buildSettings = {
				ALWAYS_SEARCH_USER_PATHS = NO;
				CLANG_ANALYZER_NONNULL = YES;
				CLANG_ANALYZER_NUMBER_OBJECT_CONVERSION = YES_AGGRESSIVE;
				CLANG_CXX_LANGUAGE_STANDARD = "gnu++17";
				CLANG_CXX_LIBRARY = "libc++";
				CLANG_ENABLE_MODULES = YES;
				CLANG_ENABLE_OBJC_ARC = YES;
				CLANG_ENABLE_OBJC_WEAK = YES;
				CLANG_WARN_BLOCK_CAPTURE_AUTORELEASING = YES;
				CLANG_WARN_BOOL_CONVERSION = YES;
				CLANG_WARN_COMMA = YES;
				CLANG_WARN_CONSTANT_CONVERSION = YES;
				CLANG_WARN_DEPRECATED_OBJC_IMPLEMENTATIONS = YES;
				CLANG_WARN_DIRECT_OBJC_ISA_USAGE = YES_ERROR;
				CLANG_WARN_DOCUMENTATION_COMMENTS = YES;
				CLANG_WARN_EMPTY_BODY = YES;
				CLANG_WARN_ENUM_CONVERSION = YES;
				CLANG_WARN_INFINITE_RECURSION = YES;
				CLANG_WARN_INT_CONVERSION = YES;
				CLANG_WARN_NON_LITERAL_NULL_CONVERSION = YES;
				CLANG_WARN_OBJC_IMPLICIT_RETAIN_SELF = YES;
				CLANG_WARN_OBJC_LITERAL_CONVERSION = YES;
				CLANG_WARN_OBJC_ROOT_CLASS = YES_ERROR;
				CLANG_WARN_QUOTED_INCLUDE_IN_FRAMEWORK_HEADER = YES;
				CLANG_WARN_RANGE_LOOP_ANALYSIS = YES;
				CLANG_WARN_STRICT_PROTOTYPES = YES;
				CLANG_WARN_SUSPICIOUS_MOVE = YES;
				CLANG_WARN_UNGUARDED_AVAILABILITY = YES_AGGRESSIVE;
				CLANG_WARN_UNREACHABLE_CODE = YES;
				CLANG_WARN__DUPLICATE_METHOD_MATCH = YES;
				COPY_PHASE_STRIP = NO;
				DEBUG_INFORMATION_FORMAT = dwarf;
				ENABLE_STRICT_OBJC_MSGSEND = YES;
				ENABLE_TESTABILITY = YES;
				GCC_C_LANGUAGE_STANDARD = gnu11;
				GCC_DYNAMIC_NO_PIC = NO;
				GCC_NO_COMMON_BLOCKS = YES;
				GCC_OPTIMIZATION_LEVEL = 0;
				GCC_PREPROCESSOR_DEFINITIONS = (
					"DEBUG=1",
					"$(inherited)",
				);
				GCC_WARN_64_TO_32_BIT_CONVERSION = YES;
				GCC_WARN_ABOUT_RETURN_TYPE = YES_ERROR;
				GCC_WARN_UNDECLARED_SELECTOR = YES;
				GCC_WARN_UNINITIALIZED_AUTOS = YES_AGGRESSIVE;
				GCC_WARN_UNUSED_FUNCTION = YES;
				GCC_WARN_UNUSED_VARIABLE = YES;
				IPHONEOS_DEPLOYMENT_TARGET = 15.0;
				MTL_ENABLE_DEBUG_INFO = INCLUDE_SOURCE;
				MTL_FAST_MATH = YES;
				ONLY_ACTIVE_ARCH = YES;
				SDKROOT = iphoneos;
				SWIFT_ACTIVE_COMPILATION_CONDITIONS = DEBUG;
				SWIFT_OPTIMIZATION_LEVEL = "-Onone";
			};
			name = Debug;
		};
		4A28124427552A6E00B7F3F7 /* Release */ = {
			isa = XCBuildConfiguration;
			buildSettings = {
				ALWAYS_SEARCH_USER_PATHS = NO;
				CLANG_ANALYZER_NONNULL = YES;
				CLANG_ANALYZER_NUMBER_OBJECT_CONVERSION = YES_AGGRESSIVE;
				CLANG_CXX_LANGUAGE_STANDARD = "gnu++17";
				CLANG_CXX_LIBRARY = "libc++";
				CLANG_ENABLE_MODULES = YES;
				CLANG_ENABLE_OBJC_ARC = YES;
				CLANG_ENABLE_OBJC_WEAK = YES;
				CLANG_WARN_BLOCK_CAPTURE_AUTORELEASING = YES;
				CLANG_WARN_BOOL_CONVERSION = YES;
				CLANG_WARN_COMMA = YES;
				CLANG_WARN_CONSTANT_CONVERSION = YES;
				CLANG_WARN_DEPRECATED_OBJC_IMPLEMENTATIONS = YES;
				CLANG_WARN_DIRECT_OBJC_ISA_USAGE = YES_ERROR;
				CLANG_WARN_DOCUMENTATION_COMMENTS = YES;
				CLANG_WARN_EMPTY_BODY = YES;
				CLANG_WARN_ENUM_CONVERSION = YES;
				CLANG_WARN_INFINITE_RECURSION = YES;
				CLANG_WARN_INT_CONVERSION = YES;
				CLANG_WARN_NON_LITERAL_NULL_CONVERSION = YES;
				CLANG_WARN_OBJC_IMPLICIT_RETAIN_SELF = YES;
				CLANG_WARN_OBJC_LITERAL_CONVERSION = YES;
				CLANG_WARN_OBJC_ROOT_CLASS = YES_ERROR;
				CLANG_WARN_QUOTED_INCLUDE_IN_FRAMEWORK_HEADER = YES;
				CLANG_WARN_RANGE_LOOP_ANALYSIS = YES;
				CLANG_WARN_STRICT_PROTOTYPES = YES;
				CLANG_WARN_SUSPICIOUS_MOVE = YES;
				CLANG_WARN_UNGUARDED_AVAILABILITY = YES_AGGRESSIVE;
				CLANG_WARN_UNREACHABLE_CODE = YES;
				CLANG_WARN__DUPLICATE_METHOD_MATCH = YES;
				COPY_PHASE_STRIP = NO;
				DEBUG_INFORMATION_FORMAT = "dwarf-with-dsym";
				ENABLE_NS_ASSERTIONS = NO;
				ENABLE_STRICT_OBJC_MSGSEND = YES;
				GCC_C_LANGUAGE_STANDARD = gnu11;
				GCC_NO_COMMON_BLOCKS = YES;
				GCC_WARN_64_TO_32_BIT_CONVERSION = YES;
				GCC_WARN_ABOUT_RETURN_TYPE = YES_ERROR;
				GCC_WARN_UNDECLARED_SELECTOR = YES;
				GCC_WARN_UNINITIALIZED_AUTOS = YES_AGGRESSIVE;
				GCC_WARN_UNUSED_FUNCTION = YES;
				GCC_WARN_UNUSED_VARIABLE = YES;
				IPHONEOS_DEPLOYMENT_TARGET = 15.0;
				MTL_ENABLE_DEBUG_INFO = NO;
				MTL_FAST_MATH = YES;
				SDKROOT = iphoneos;
				SWIFT_COMPILATION_MODE = wholemodule;
				SWIFT_OPTIMIZATION_LEVEL = "-O";
				VALIDATE_PRODUCT = YES;
			};
			name = Release;
		};
		4A28124627552A6E00B7F3F7 /* Debug */ = {
			isa = XCBuildConfiguration;
			baseConfigurationReference = 9D5440EC7F90E30E2CE71FC7 /* Pods-ExCounter.debug.xcconfig */;
			buildSettings = {
				ASSETCATALOG_COMPILER_APPICON_NAME = AppIcon;
				ASSETCATALOG_COMPILER_GLOBAL_ACCENT_COLOR_NAME = AccentColor;
				CODE_SIGN_STYLE = Automatic;
				CURRENT_PROJECT_VERSION = 1;
				DEVELOPMENT_TEAM = SS7U83UJNK;
				GENERATE_INFOPLIST_FILE = YES;
				INFOPLIST_FILE = ExCounter/Info.plist;
				INFOPLIST_KEY_UIApplicationSupportsIndirectInputEvents = YES;
				INFOPLIST_KEY_UILaunchStoryboardName = LaunchScreen;
				INFOPLIST_KEY_UIMainStoryboardFile = Counter;
				INFOPLIST_KEY_UISupportedInterfaceOrientations_iPad = "UIInterfaceOrientationPortrait UIInterfaceOrientationPortraitUpsideDown UIInterfaceOrientationLandscapeLeft UIInterfaceOrientationLandscapeRight";
				INFOPLIST_KEY_UISupportedInterfaceOrientations_iPhone = "UIInterfaceOrientationPortrait UIInterfaceOrientationLandscapeLeft UIInterfaceOrientationLandscapeRight";
				LD_RUNPATH_SEARCH_PATHS = (
					"$(inherited)",
					"@executable_path/Frameworks",
				);
				MARKETING_VERSION = 1.0;
				PRODUCT_BUNDLE_IDENTIFIER = com.jake.ExCounter;
				PRODUCT_NAME = "$(TARGET_NAME)";
				SWIFT_EMIT_LOC_STRINGS = YES;
				SWIFT_VERSION = 5.0;
				TARGETED_DEVICE_FAMILY = "1,2";
			};
			name = Debug;
		};
		4A28124727552A6E00B7F3F7 /* Release */ = {
			isa = XCBuildConfiguration;
			baseConfigurationReference = DBAD44219585F573B9829849 /* Pods-ExCounter.release.xcconfig */;
			buildSettings = {
				ASSETCATALOG_COMPILER_APPICON_NAME = AppIcon;
				ASSETCATALOG_COMPILER_GLOBAL_ACCENT_COLOR_NAME = AccentColor;
				CODE_SIGN_STYLE = Automatic;
				CURRENT_PROJECT_VERSION = 1;
				DEVELOPMENT_TEAM = SS7U83UJNK;
				GENERATE_INFOPLIST_FILE = YES;
				INFOPLIST_FILE = ExCounter/Info.plist;
				INFOPLIST_KEY_UIApplicationSupportsIndirectInputEvents = YES;
				INFOPLIST_KEY_UILaunchStoryboardName = LaunchScreen;
				INFOPLIST_KEY_UIMainStoryboardFile = Counter;
				INFOPLIST_KEY_UISupportedInterfaceOrientations_iPad = "UIInterfaceOrientationPortrait UIInterfaceOrientationPortraitUpsideDown UIInterfaceOrientationLandscapeLeft UIInterfaceOrientationLandscapeRight";
				INFOPLIST_KEY_UISupportedInterfaceOrientations_iPhone = "UIInterfaceOrientationPortrait UIInterfaceOrientationLandscapeLeft UIInterfaceOrientationLandscapeRight";
				LD_RUNPATH_SEARCH_PATHS = (
					"$(inherited)",
					"@executable_path/Frameworks",
				);
				MARKETING_VERSION = 1.0;
				PRODUCT_BUNDLE_IDENTIFIER = com.jake.ExCounter;
				PRODUCT_NAME = "$(TARGET_NAME)";
				SWIFT_EMIT_LOC_STRINGS = YES;
				SWIFT_VERSION = 5.0;
				TARGETED_DEVICE_FAMILY = "1,2";
			};
			name = Release;
		};
		4A28124927552A6E00B7F3F7 /* Debug */ = {
			isa = XCBuildConfiguration;
			baseConfigurationReference = 680FE41E8DCE19482692FC6C /* Pods-ExCounterTests.debug.xcconfig */;
			buildSettings = {
				ALWAYS_EMBED_SWIFT_STANDARD_LIBRARIES = YES;
				BUNDLE_LOADER = "$(TEST_HOST)";
				CODE_SIGN_STYLE = Automatic;
				CURRENT_PROJECT_VERSION = 1;
				DEVELOPMENT_TEAM = SS7U83UJNK;
				GENERATE_INFOPLIST_FILE = YES;
				IPHONEOS_DEPLOYMENT_TARGET = 15.0;
				LD_RUNPATH_SEARCH_PATHS = (
					"$(inherited)",
					"@executable_path/Frameworks",
					"@loader_path/Frameworks",
				);
				MARKETING_VERSION = 1.0;
				PRODUCT_BUNDLE_IDENTIFIER = com.jake.ExCounterTests;
				PRODUCT_NAME = "$(TARGET_NAME)";
				SWIFT_EMIT_LOC_STRINGS = NO;
				SWIFT_VERSION = 5.0;
				TARGETED_DEVICE_FAMILY = "1,2";
				TEST_HOST = "$(BUILT_PRODUCTS_DIR)/ExCounter.app/ExCounter";
			};
			name = Debug;
		};
		4A28124A27552A6E00B7F3F7 /* Release */ = {
			isa = XCBuildConfiguration;
			baseConfigurationReference = CB2C215D49146B78BA7C4ED2 /* Pods-ExCounterTests.release.xcconfig */;
			buildSettings = {
				ALWAYS_EMBED_SWIFT_STANDARD_LIBRARIES = YES;
				BUNDLE_LOADER = "$(TEST_HOST)";
				CODE_SIGN_STYLE = Automatic;
				CURRENT_PROJECT_VERSION = 1;
				DEVELOPMENT_TEAM = SS7U83UJNK;
				GENERATE_INFOPLIST_FILE = YES;
				IPHONEOS_DEPLOYMENT_TARGET = 15.0;
				LD_RUNPATH_SEARCH_PATHS = (
					"$(inherited)",
					"@executable_path/Frameworks",
					"@loader_path/Frameworks",
				);
				MARKETING_VERSION = 1.0;
				PRODUCT_BUNDLE_IDENTIFIER = com.jake.ExCounterTests;
				PRODUCT_NAME = "$(TARGET_NAME)";
				SWIFT_EMIT_LOC_STRINGS = NO;
				SWIFT_VERSION = 5.0;
				TARGETED_DEVICE_FAMILY = "1,2";
				TEST_HOST = "$(BUILT_PRODUCTS_DIR)/ExCounter.app/ExCounter";
			};
			name = Release;
		};
		4A28124C27552A6E00B7F3F7 /* Debug */ = {
			isa = XCBuildConfiguration;
			baseConfigurationReference = E750BA5CCEF88451707B3280 /* Pods-ExCounter-ExCounterUITests.debug.xcconfig */;
			buildSettings = {
				ALWAYS_EMBED_SWIFT_STANDARD_LIBRARIES = YES;
				CODE_SIGN_STYLE = Automatic;
				CURRENT_PROJECT_VERSION = 1;
				DEVELOPMENT_TEAM = SS7U83UJNK;
				GENERATE_INFOPLIST_FILE = YES;
				LD_RUNPATH_SEARCH_PATHS = (
					"$(inherited)",
					"@executable_path/Frameworks",
					"@loader_path/Frameworks",
				);
				MARKETING_VERSION = 1.0;
				PRODUCT_BUNDLE_IDENTIFIER = com.jake.ExCounterUITests;
				PRODUCT_NAME = "$(TARGET_NAME)";
				SWIFT_EMIT_LOC_STRINGS = NO;
				SWIFT_VERSION = 5.0;
				TARGETED_DEVICE_FAMILY = "1,2";
				TEST_TARGET_NAME = ExCounter;
			};
			name = Debug;
		};
		4A28124D27552A6E00B7F3F7 /* Release */ = {
			isa = XCBuildConfiguration;
			baseConfigurationReference = FBE37319B4542DC61F80E4A6 /* Pods-ExCounter-ExCounterUITests.release.xcconfig */;
			buildSettings = {
				ALWAYS_EMBED_SWIFT_STANDARD_LIBRARIES = YES;
				CODE_SIGN_STYLE = Automatic;
				CURRENT_PROJECT_VERSION = 1;
				DEVELOPMENT_TEAM = SS7U83UJNK;
				GENERATE_INFOPLIST_FILE = YES;
				LD_RUNPATH_SEARCH_PATHS = (
					"$(inherited)",
					"@executable_path/Frameworks",
					"@loader_path/Frameworks",
				);
				MARKETING_VERSION = 1.0;
				PRODUCT_BUNDLE_IDENTIFIER = com.jake.ExCounterUITests;
				PRODUCT_NAME = "$(TARGET_NAME)";
				SWIFT_EMIT_LOC_STRINGS = NO;
				SWIFT_VERSION = 5.0;
				TARGETED_DEVICE_FAMILY = "1,2";
				TEST_TARGET_NAME = ExCounter;
			};
			name = Release;
		};
/* End XCBuildConfiguration section */

/* Begin XCConfigurationList section */
		4A28121627552A6E00B7F3F7 /* Build configuration list for PBXProject "ExCounter" */ = {
			isa = XCConfigurationList;
			buildConfigurations = (
				4A28124327552A6E00B7F3F7 /* Debug */,
				4A28124427552A6E00B7F3F7 /* Release */,
			);
			defaultConfigurationIsVisible = 0;
			defaultConfigurationName = Release;
		};
		4A28124527552A6E00B7F3F7 /* Build configuration list for PBXNativeTarget "ExCounter" */ = {
			isa = XCConfigurationList;
			buildConfigurations = (
				4A28124627552A6E00B7F3F7 /* Debug */,
				4A28124727552A6E00B7F3F7 /* Release */,
			);
			defaultConfigurationIsVisible = 0;
			defaultConfigurationName = Release;
		};
		4A28124827552A6E00B7F3F7 /* Build configuration list for PBXNativeTarget "ExCounterTests" */ = {
			isa = XCConfigurationList;
			buildConfigurations = (
				4A28124927552A6E00B7F3F7 /* Debug */,
				4A28124A27552A6E00B7F3F7 /* Release */,
			);
			defaultConfigurationIsVisible = 0;
			defaultConfigurationName = Release;
		};
		4A28124B27552A6E00B7F3F7 /* Build configuration list for PBXNativeTarget "ExCounterUITests" */ = {
			isa = XCConfigurationList;
			buildConfigurations = (
				4A28124C27552A6E00B7F3F7 /* Debug */,
				4A28124D27552A6E00B7F3F7 /* Release */,
			);
			defaultConfigurationIsVisible = 0;
			defaultConfigurationName = Release;
		};
/* End XCConfigurationList section */
	};
	rootObject = 4A28121327552A6E00B7F3F7 /* Project object */;
}
